github.com/corpix/uarand v0.0.0-20170723150923-031be390f409 h1:9A+mfQmwzZ6KwUXPc8nHxFtKgn9VIvO3gXAOspIcE3s=
github.com/corpix/uarand v0.0.0-20170723150923-031be390f409/go.mod h1:JSm890tOkDN+M1jqN8pUGDKnzJrsVbJwSMHBY4zwz7M=
github.com/icrowley/fake v0.0.0-20221112152111-d7b7e2276db2 h1:qU3v73XG4QAqCPHA4HOpfC1EfUvtLIDvQK4mNQ0LvgI=
github.com/icrowley/fake v0.0.0-20221112152111-d7b7e2276db2/go.mod h1:dQ6TM/OGAe+cMws81eTe4Btv1dKxfPZ2CX+YaAFAPN4=
github.com/tjarratt/babble v0.0.0-20210505082055-cbca2a4833c1 h1:j8whCiEmvLCXI3scVn+YnklCU8mwJ9ZJ4/DGAKqQbRE=
github.com/tjarratt/babble v0.0.0-20210505082055-cbca2a4833c1/go.mod h1:O5hBrCGqzfb+8WyY8ico2AyQau7XQwAfEQeEQ5/5V9E=
